
Microsoft Visual Studio Solution File, Format Version 12.00
# Visual Studio Version 17
VisualStudioVersion = 17.2.32616.157
MinimumVisualStudioVersion = 10.0.40219.1
Project("{FAE04EC0-301F-11D3-BF4B-00C04F79EFBC}") = "211070", "211070.csproj", "{2CA40494-F132-4FD6-ACDA-616B59653E1D}"
EndProject
Global
	GlobalSection(SolutionConfigurationPlatforms) = preSolution
		Debug|Any CPU = Debug|Any CPU
		Release|Any CPU = Release|Any CPU
	EndGlobalSection
	GlobalSection(ProjectConfigurationPlatforms) = postSolution
		{2CA40494-F132-4FD6-ACDA-616B59653E1D}.Debug|Any CPU.ActiveCfg = Debug|Any CPU
		{2CA40494-F132-4FD6-ACDA-616B59653E1D}.Debug|Any CPU.Build.0 = Debug|Any CPU
		{2CA40494-F132-4FD6-ACDA-616B59653E1D}.Release|Any CPU.ActiveCfg = Release|Any CPU
		{2CA40494-F132-4FD6-ACDA-616B59653E1D}.Release|Any CPU.Build.0 = Release|Any CPU
	EndGlobalSection
	GlobalSection(SolutionProperties) = preSolution
		HideSolutionNode = FALSE
	EndGlobalSection
	GlobalSection(ExtensibilityGlobals) = postSolution
		SolutionGuid = {B6B07A59-C4B0-4E0C-B5FB-532792F413FC}
	EndGlobalSection
EndGlobal
